// !$*UTF8*$!
{
	archiveVersion = 1;
	classes = {
	};
	objectVersion = 50;
	objects = {

/* Begin PBXBuildFile section */
		4D2AFD7425E4198100706ACE /* Colors.xcassets in Resources */ = {isa = PBXBuildFile; fileRef = 4D2AFD7325E4198100706ACE /* Colors.xcassets */; };
		4D2AFD7925E41B3200706ACE /* ProfileViewController.swift in Sources */ = {isa = PBXBuildFile; fileRef = 4D2AFD7825E41B3200706ACE /* ProfileViewController.swift */; };
		4D2AFD7C25E576E500706ACE /* Extension+UILabel.swift in Sources */ = {isa = PBXBuildFile; fileRef = 4D2AFD7B25E576E500706ACE /* Extension+UILabel.swift */; };
		4D49ADBD25D7F7FE000F0BBB /* AppDelegate.swift in Sources */ = {isa = PBXBuildFile; fileRef = 4D49ADBC25D7F7FE000F0BBB /* AppDelegate.swift */; };
		4D49ADC425D7F7FE000F0BBB /* Main.storyboard in Resources */ = {isa = PBXBuildFile; fileRef = 4D49ADC225D7F7FE000F0BBB /* Main.storyboard */; };
		4D49ADC625D7F800000F0BBB /* Assets.xcassets in Resources */ = {isa = PBXBuildFile; fileRef = 4D49ADC525D7F800000F0BBB /* Assets.xcassets */; };
		4D49ADC925D7F800000F0BBB /* LaunchScreen.storyboard in Resources */ = {isa = PBXBuildFile; fileRef = 4D49ADC725D7F800000F0BBB /* LaunchScreen.storyboard */; };
		4DD6E8CE25DC549600EF5039 /* DLogger.swift in Sources */ = {isa = PBXBuildFile; fileRef = 4DD6E8CD25DC549600EF5039 /* DLogger.swift */; };
		4DD6E8D725DC5CA300EF5039 /* Extension+VC.swift in Sources */ = {isa = PBXBuildFile; fileRef = 4DD6E8D625DC5CA300EF5039 /* Extension+VC.swift */; };
		4DD6E8E125DC60EC00EF5039 /* Extension+AppDelegate.swift in Sources */ = {isa = PBXBuildFile; fileRef = 4DD6E8E025DC60EC00EF5039 /* Extension+AppDelegate.swift */; };
/* End PBXBuildFile section */

/* Begin PBXFileReference section */
		4D2AFD7325E4198100706ACE /* Colors.xcassets */ = {isa = PBXFileReference; lastKnownFileType = folder.assetcatalog; path = Colors.xcassets; sourceTree = "<group>"; };
		4D2AFD7825E41B3200706ACE /* ProfileViewController.swift */ = {isa = PBXFileReference; lastKnownFileType = sourcecode.swift; path = ProfileViewController.swift; sourceTree = "<group>"; };
		4D2AFD7B25E576E500706ACE /* Extension+UILabel.swift */ = {isa = PBXFileReference; lastKnownFileType = sourcecode.swift; path = "Extension+UILabel.swift"; sourceTree = "<group>"; };
		4D49ADB925D7F7FE000F0BBB /* ChatApp.app */ = {isa = PBXFileReference; explicitFileType = wrapper.application; includeInIndex = 0; path = ChatApp.app; sourceTree = BUILT_PRODUCTS_DIR; };
		4D49ADBC25D7F7FE000F0BBB /* AppDelegate.swift */ = {isa = PBXFileReference; lastKnownFileType = sourcecode.swift; path = AppDelegate.swift; sourceTree = "<group>"; };
		4D49ADC325D7F7FE000F0BBB /* Base */ = {isa = PBXFileReference; lastKnownFileType = file.storyboard; name = Base; path = Base.lproj/Main.storyboard; sourceTree = "<group>"; };
		4D49ADC525D7F800000F0BBB /* Assets.xcassets */ = {isa = PBXFileReference; lastKnownFileType = folder.assetcatalog; path = Assets.xcassets; sourceTree = "<group>"; };
		4D49ADC825D7F800000F0BBB /* Base */ = {isa = PBXFileReference; lastKnownFileType = file.storyboard; name = Base; path = Base.lproj/LaunchScreen.storyboard; sourceTree = "<group>"; };
		4D49ADCA25D7F800000F0BBB /* Info.plist */ = {isa = PBXFileReference; lastKnownFileType = text.plist.xml; path = Info.plist; sourceTree = "<group>"; };
		4DD6E8CD25DC549600EF5039 /* DLogger.swift */ = {isa = PBXFileReference; lastKnownFileType = sourcecode.swift; path = DLogger.swift; sourceTree = "<group>"; };
		4DD6E8D625DC5CA300EF5039 /* Extension+VC.swift */ = {isa = PBXFileReference; lastKnownFileType = sourcecode.swift; path = "Extension+VC.swift"; sourceTree = "<group>"; };
		4DD6E8E025DC60EC00EF5039 /* Extension+AppDelegate.swift */ = {isa = PBXFileReference; lastKnownFileType = sourcecode.swift; path = "Extension+AppDelegate.swift"; sourceTree = "<group>"; };
/* End PBXFileReference section */

/* Begin PBXFrameworksBuildPhase section */
		4D49ADB625D7F7FE000F0BBB /* Frameworks */ = {
			isa = PBXFrameworksBuildPhase;
			buildActionMask = 2147483647;
			files = (
			);
			runOnlyForDeploymentPostprocessing = 0;
		};
/* End PBXFrameworksBuildPhase section */

/* Begin PBXGroup section */
		4D2AFD6F25E4110900706ACE /* Screens */ = {
			isa = PBXGroup;
			children = (
				4D2AFD7825E41B3200706ACE /* ProfileViewController.swift */,
			);
			path = Screens;
			sourceTree = "<group>";
		};
		4D49ADB025D7F7FE000F0BBB = {
			isa = PBXGroup;
			children = (
				4D49ADBB25D7F7FE000F0BBB /* ChatApp */,
				4D49ADBA25D7F7FE000F0BBB /* Products */,
			);
			sourceTree = "<group>";
		};
		4D49ADBA25D7F7FE000F0BBB /* Products */ = {
			isa = PBXGroup;
			children = (
				4D49ADB925D7F7FE000F0BBB /* ChatApp.app */,
			);
			name = Products;
			sourceTree = "<group>";
		};
		4D49ADBB25D7F7FE000F0BBB /* ChatApp */ = {
			isa = PBXGroup;
			children = (
				4D2AFD6F25E4110900706ACE /* Screens */,
				4DD6E8DE25DC607F00EF5039 /* Storyboards */,
				4DD6E8DC25DC602100EF5039 /* Resourses */,
				4DD6E8D525DC5C8700EF5039 /* Extensions */,
				4DD6E8CC25DC548800EF5039 /* Utils */,
				4D49ADBC25D7F7FE000F0BBB /* AppDelegate.swift */,
				4D49ADCA25D7F800000F0BBB /* Info.plist */,
			);
			path = ChatApp;
			sourceTree = "<group>";
		};
		4DD6E8CC25DC548800EF5039 /* Utils */ = {
			isa = PBXGroup;
			children = (
				4DD6E8CD25DC549600EF5039 /* DLogger.swift */,
			);
			path = Utils;
			sourceTree = "<group>";
		};
		4DD6E8D525DC5C8700EF5039 /* Extensions */ = {
			isa = PBXGroup;
			children = (
				4DD6E8D625DC5CA300EF5039 /* Extension+VC.swift */,
				4DD6E8E025DC60EC00EF5039 /* Extension+AppDelegate.swift */,
				4D2AFD7B25E576E500706ACE /* Extension+UILabel.swift */,
			);
			path = Extensions;
			sourceTree = "<group>";
		};
		4DD6E8DC25DC602100EF5039 /* Resourses */ = {
			isa = PBXGroup;
			children = (
				4D49ADC525D7F800000F0BBB /* Assets.xcassets */,
				4D2AFD7325E4198100706ACE /* Colors.xcassets */,
			);
			path = Resourses;
			sourceTree = "<group>";
		};
		4DD6E8DE25DC607F00EF5039 /* Storyboards */ = {
			isa = PBXGroup;
			children = (
				4D49ADC225D7F7FE000F0BBB /* Main.storyboard */,
				4D49ADC725D7F800000F0BBB /* LaunchScreen.storyboard */,
			);
			path = Storyboards;
			sourceTree = "<group>";
		};
/* End PBXGroup section */

/* Begin PBXNativeTarget section */
		4D49ADB825D7F7FE000F0BBB /* ChatApp */ = {
			isa = PBXNativeTarget;
			buildConfigurationList = 4D49ADCD25D7F800000F0BBB /* Build configuration list for PBXNativeTarget "ChatApp" */;
			buildPhases = (
				4D49ADB525D7F7FE000F0BBB /* Sources */,
				4D49ADB625D7F7FE000F0BBB /* Frameworks */,
				4D49ADB725D7F7FE000F0BBB /* Resources */,
			);
			buildRules = (
			);
			dependencies = (
			);
			name = ChatApp;
			productName = ChatApp;
			productReference = 4D49ADB925D7F7FE000F0BBB /* ChatApp.app */;
			productType = "com.apple.product-type.application";
		};
/* End PBXNativeTarget section */

/* Begin PBXProject section */
		4D49ADB125D7F7FE000F0BBB /* Project object */ = {
			isa = PBXProject;
			attributes = {
				LastSwiftUpdateCheck = 1240;
				LastUpgradeCheck = 1240;
				TargetAttributes = {
					4D49ADB825D7F7FE000F0BBB = {
						CreatedOnToolsVersion = 12.4;
					};
				};
			};
			buildConfigurationList = 4D49ADB425D7F7FE000F0BBB /* Build configuration list for PBXProject "ChatApp" */;
			compatibilityVersion = "Xcode 9.3";
			developmentRegion = en;
			hasScannedForEncodings = 0;
			knownRegions = (
				en,
				Base,
			);
			mainGroup = 4D49ADB025D7F7FE000F0BBB;
			productRefGroup = 4D49ADBA25D7F7FE000F0BBB /* Products */;
			projectDirPath = "";
			projectRoot = "";
			targets = (
				4D49ADB825D7F7FE000F0BBB /* ChatApp */,
			);
		};
/* End PBXProject section */

/* Begin PBXResourcesBuildPhase section */
		4D49ADB725D7F7FE000F0BBB /* Resources */ = {
			isa = PBXResourcesBuildPhase;
			buildActionMask = 2147483647;
			files = (
				4D49ADC925D7F800000F0BBB /* LaunchScreen.storyboard in Resources */,
				4D2AFD7425E4198100706ACE /* Colors.xcassets in Resources */,
				4D49ADC625D7F800000F0BBB /* Assets.xcassets in Resources */,
				4D49ADC425D7F7FE000F0BBB /* Main.storyboard in Resources */,
			);
			runOnlyForDeploymentPostprocessing = 0;
		};
/* End PBXResourcesBuildPhase section */

/* Begin PBXSourcesBuildPhase section */
		4D49ADB525D7F7FE000F0BBB /* Sources */ = {
			isa = PBXSourcesBuildPhase;
			buildActionMask = 2147483647;
			files = (
				4D2AFD7C25E576E500706ACE /* Extension+UILabel.swift in Sources */,
				4DD6E8E125DC60EC00EF5039 /* Extension+AppDelegate.swift in Sources */,
				4DD6E8CE25DC549600EF5039 /* DLogger.swift in Sources */,
				4D2AFD7925E41B3200706ACE /* ProfileViewController.swift in Sources */,
				4DD6E8D725DC5CA300EF5039 /* Extension+VC.swift in Sources */,
				4D49ADBD25D7F7FE000F0BBB /* AppDelegate.swift in Sources */,
			);
			runOnlyForDeploymentPostprocessing = 0;
		};
/* End PBXSourcesBuildPhase section */

/* Begin PBXVariantGroup section */
		4D49ADC225D7F7FE000F0BBB /* Main.storyboard */ = {
			isa = PBXVariantGroup;
			children = (
				4D49ADC325D7F7FE000F0BBB /* Base */,
			);
			name = Main.storyboard;
			sourceTree = "<group>";
		};
		4D49ADC725D7F800000F0BBB /* LaunchScreen.storyboard */ = {
			isa = PBXVariantGroup;
			children = (
				4D49ADC825D7F800000F0BBB /* Base */,
			);
			name = LaunchScreen.storyboard;
			sourceTree = "<group>";
		};
/* End PBXVariantGroup section */

/* Begin XCBuildConfiguration section */
		4D49ADCB25D7F800000F0BBB /* Debug */ = {
			isa = XCBuildConfiguration;
			buildSettings = {
				ALWAYS_SEARCH_USER_PATHS = NO;
				CLANG_ANALYZER_NONNULL = YES;
				CLANG_ANALYZER_NUMBER_OBJECT_CONVERSION = YES_AGGRESSIVE;
				CLANG_CXX_LANGUAGE_STANDARD = "gnu++14";
				CLANG_CXX_LIBRARY = "libc++";
				CLANG_ENABLE_MODULES = YES;
				CLANG_ENABLE_OBJC_ARC = YES;
				CLANG_ENABLE_OBJC_WEAK = YES;
				CLANG_WARN_BLOCK_CAPTURE_AUTORELEASING = YES;
				CLANG_WARN_BOOL_CONVERSION = YES;
				CLANG_WARN_COMMA = YES;
				CLANG_WARN_CONSTANT_CONVERSION = YES;
				CLANG_WARN_DEPRECATED_OBJC_IMPLEMENTATIONS = YES;
				CLANG_WARN_DIRECT_OBJC_ISA_USAGE = YES_ERROR;
				CLANG_WARN_DOCUMENTATION_COMMENTS = YES;
				CLANG_WARN_EMPTY_BODY = YES;
				CLANG_WARN_ENUM_CONVERSION = YES;
				CLANG_WARN_INFINITE_RECURSION = YES;
				CLANG_WARN_INT_CONVERSION = YES;
				CLANG_WARN_NON_LITERAL_NULL_CONVERSION = YES;
				CLANG_WARN_OBJC_IMPLICIT_RETAIN_SELF = YES;
				CLANG_WARN_OBJC_LITERAL_CONVERSION = YES;
				CLANG_WARN_OBJC_ROOT_CLASS = YES_ERROR;
				CLANG_WARN_QUOTED_INCLUDE_IN_FRAMEWORK_HEADER = YES;
				CLANG_WARN_RANGE_LOOP_ANALYSIS = YES;
				CLANG_WARN_STRICT_PROTOTYPES = YES;
				CLANG_WARN_SUSPICIOUS_MOVE = YES;
				CLANG_WARN_UNGUARDED_AVAILABILITY = YES_AGGRESSIVE;
				CLANG_WARN_UNREACHABLE_CODE = YES;
				CLANG_WARN__DUPLICATE_METHOD_MATCH = YES;
				COPY_PHASE_STRIP = NO;
				DEBUG_INFORMATION_FORMAT = dwarf;
				ENABLE_STRICT_OBJC_MSGSEND = YES;
				ENABLE_TESTABILITY = YES;
				GCC_C_LANGUAGE_STANDARD = gnu11;
				GCC_DYNAMIC_NO_PIC = NO;
				GCC_NO_COMMON_BLOCKS = YES;
				GCC_OPTIMIZATION_LEVEL = 0;
				GCC_PREPROCESSOR_DEFINITIONS = (
					"DEBUG=1",
					"$(inherited)",
				);
				GCC_WARN_64_TO_32_BIT_CONVERSION = YES;
				GCC_WARN_ABOUT_RETURN_TYPE = YES_ERROR;
				GCC_WARN_UNDECLARED_SELECTOR = YES;
				GCC_WARN_UNINITIALIZED_AUTOS = YES_AGGRESSIVE;
				GCC_WARN_UNUSED_FUNCTION = YES;
				GCC_WARN_UNUSED_VARIABLE = YES;
				IPHONEOS_DEPLOYMENT_TARGET = 14.4;
				MTL_ENABLE_DEBUG_INFO = INCLUDE_SOURCE;
				MTL_FAST_MATH = YES;
				ONLY_ACTIVE_ARCH = YES;
				SDKROOT = iphoneos;
				SWIFT_ACTIVE_COMPILATION_CONDITIONS = DEBUG;
				SWIFT_OPTIMIZATION_LEVEL = "-Onone";
			};
			name = Debug;
		};
		4D49ADCC25D7F800000F0BBB /* Release */ = {
			isa = XCBuildConfiguration;
			buildSettings = {
				ALWAYS_SEARCH_USER_PATHS = NO;
				CLANG_ANALYZER_NONNULL = YES;
				CLANG_ANALYZER_NUMBER_OBJECT_CONVERSION = YES_AGGRESSIVE;
				CLANG_CXX_LANGUAGE_STANDARD = "gnu++14";
				CLANG_CXX_LIBRARY = "libc++";
				CLANG_ENABLE_MODULES = YES;
				CLANG_ENABLE_OBJC_ARC = YES;
				CLANG_ENABLE_OBJC_WEAK = YES;
				CLANG_WARN_BLOCK_CAPTURE_AUTORELEASING = YES;
				CLANG_WARN_BOOL_CONVERSION = YES;
				CLANG_WARN_COMMA = YES;
				CLANG_WARN_CONSTANT_CONVERSION = YES;
				CLANG_WARN_DEPRECATED_OBJC_IMPLEMENTATIONS = YES;
				CLANG_WARN_DIRECT_OBJC_ISA_USAGE = YES_ERROR;
				CLANG_WARN_DOCUMENTATION_COMMENTS = YES;
				CLANG_WARN_EMPTY_BODY = YES;
				CLANG_WARN_ENUM_CONVERSION = YES;
				CLANG_WARN_INFINITE_RECURSION = YES;
				CLANG_WARN_INT_CONVERSION = YES;
				CLANG_WARN_NON_LITERAL_NULL_CONVERSION = YES;
				CLANG_WARN_OBJC_IMPLICIT_RETAIN_SELF = YES;
				CLANG_WARN_OBJC_LITERAL_CONVERSION = YES;
				CLANG_WARN_OBJC_ROOT_CLASS = YES_ERROR;
				CLANG_WARN_QUOTED_INCLUDE_IN_FRAMEWORK_HEADER = YES;
				CLANG_WARN_RANGE_LOOP_ANALYSIS = YES;
				CLANG_WARN_STRICT_PROTOTYPES = YES;
				CLANG_WARN_SUSPICIOUS_MOVE = YES;
				CLANG_WARN_UNGUARDED_AVAILABILITY = YES_AGGRESSIVE;
				CLANG_WARN_UNREACHABLE_CODE = YES;
				CLANG_WARN__DUPLICATE_METHOD_MATCH = YES;
				COPY_PHASE_STRIP = NO;
				DEBUG_INFORMATION_FORMAT = "dwarf-with-dsym";
				ENABLE_NS_ASSERTIONS = NO;
				ENABLE_STRICT_OBJC_MSGSEND = YES;
				GCC_C_LANGUAGE_STANDARD = gnu11;
				GCC_NO_COMMON_BLOCKS = YES;
				GCC_WARN_64_TO_32_BIT_CONVERSION = YES;
				GCC_WARN_ABOUT_RETURN_TYPE = YES_ERROR;
				GCC_WARN_UNDECLARED_SELECTOR = YES;
				GCC_WARN_UNINITIALIZED_AUTOS = YES_AGGRESSIVE;
				GCC_WARN_UNUSED_FUNCTION = YES;
				GCC_WARN_UNUSED_VARIABLE = YES;
				IPHONEOS_DEPLOYMENT_TARGET = 14.4;
				MTL_ENABLE_DEBUG_INFO = NO;
				MTL_FAST_MATH = YES;
				SDKROOT = iphoneos;
				SWIFT_COMPILATION_MODE = wholemodule;
				SWIFT_OPTIMIZATION_LEVEL = "-O";
				VALIDATE_PRODUCT = YES;
			};
			name = Release;
		};
		4D49ADCE25D7F800000F0BBB /* Debug */ = {
			isa = XCBuildConfiguration;
			buildSettings = {
				ASSETCATALOG_COMPILER_APPICON_NAME = AppIcon;
				ASSETCATALOG_COMPILER_GLOBAL_ACCENT_COLOR_NAME = AccentColor;
				CODE_SIGN_STYLE = Automatic;
				DEVELOPMENT_TEAM = 64MBB6D8RY;
				INFOPLIST_FILE = ChatApp/Info.plist;
				IPHONEOS_DEPLOYMENT_TARGET = 12.1;
				LD_RUNPATH_SEARCH_PATHS = (
					"$(inherited)",
					"@executable_path/Frameworks",
				);
				PRODUCT_BUNDLE_IDENTIFIER = com.fintech.tinkoff.ChatApp;
				PRODUCT_NAME = "$(TARGET_NAME)";
				SWIFT_VERSION = 5.0;
				TARGETED_DEVICE_FAMILY = 1;
			};
			name = Debug;
		};
		4D49ADCF25D7F800000F0BBB /* Release */ = {
			isa = XCBuildConfiguration;
			buildSettings = {
				ASSETCATALOG_COMPILER_APPICON_NAME = AppIcon;
				ASSETCATALOG_COMPILER_GLOBAL_ACCENT_COLOR_NAME = AccentColor;
				CODE_SIGN_STYLE = Automatic;
				DEVELOPMENT_TEAM = 64MBB6D8RY;
				INFOPLIST_FILE = ChatApp/Info.plist;
				IPHONEOS_DEPLOYMENT_TARGET = 12.1;
				LD_RUNPATH_SEARCH_PATHS = (
					"$(inherited)",
					"@executable_path/Frameworks",
				);
				PRODUCT_BUNDLE_IDENTIFIER = com.fintech.tinkoff.ChatApp;
				PRODUCT_NAME = "$(TARGET_NAME)";
				SWIFT_VERSION = 5.0;
				TARGETED_DEVICE_FAMILY = 1;
			};
			name = Release;
		};
/* End XCBuildConfiguration section */

/* Begin XCConfigurationList section */
		4D49ADB425D7F7FE000F0BBB /* Build configuration list for PBXProject "ChatApp" */ = {
			isa = XCConfigurationList;
			buildConfigurations = (
				4D49ADCB25D7F800000F0BBB /* Debug */,
				4D49ADCC25D7F800000F0BBB /* Release */,
			);
			defaultConfigurationIsVisible = 0;
			defaultConfigurationName = Release;
		};
		4D49ADCD25D7F800000F0BBB /* Build configuration list for PBXNativeTarget "ChatApp" */ = {
			isa = XCConfigurationList;
			buildConfigurations = (
				4D49ADCE25D7F800000F0BBB /* Debug */,
				4D49ADCF25D7F800000F0BBB /* Release */,
			);
			defaultConfigurationIsVisible = 0;
			defaultConfigurationName = Release;
		};
/* End XCConfigurationList section */
	};
	rootObject = 4D49ADB125D7F7FE000F0BBB /* Project object */;
}
